version = 1
revision = 3
requires-python = ">=3.14"

[[package]]
name = "ansicolor"
version = "0.3.3"
source = { registry = "https://pypi.org/simple" }
sdist = { url = "https://files.pythonhosted.org/packages/eb/9e/1dd8400cb8bb63ee52ae08e4908bc4081bf68f8072e973be5d32d8aa648d/ansicolor-0.3.3.tar.gz", hash = "sha256:6de60837fb322b9fb8c8863061504688520bd0aa62defab43dbf4f2c011dafda", size = 10333, upload-time = "2026-01-30T22:26:05.178Z" }
wheels = [
    { url = "https://files.pythonhosted.org/packages/c5/b2/ce431f51ba38706c38c31988d072f4bda48e5f34859714df513d58cf7913/ansicolor-0.3.3-py2.py3-none-any.whl", hash = "sha256:ef3e60b4700c822a1078732cc1962c62b21f7739bd89bea2614d757cacf3d279", size = 9850, upload-time = "2026-01-30T22:26:03.732Z" },
]

[[package]]
name = "chardet"
version = "5.2.0"
source = { registry = "https://pypi.org/simple" }
sdist = { url = "https://files.pythonhosted.org/packages/f3/0d/f7b6ab21ec75897ed80c17d79b15951a719226b9fababf1e40ea74d69079/chardet-5.2.0.tar.gz", hash = "sha256:1b3b6ff479a8c414bc3fa2c0852995695c4a026dcd6d0633b2dd092ca39c1cf7", size = 2069618, upload-time = "2023-08-01T19:23:02.662Z" }
wheels = [
    { url = "https://files.pythonhosted.org/packages/38/6f/f5fbc992a329ee4e0f288c1fe0e2ad9485ed064cac731ed2fe47dcc38cbf/chardet-5.2.0-py3-none-any.whl", hash = "sha256:e1cf59446890a00105fe7b7912492ea04b6e6f06d4b742b2c788469e34c82970", size = 199385, upload-time = "2023-08-01T19:23:00.661Z" },
]

[[package]]
name = "greenlet"
version = "3.3.1"
source = { registry = "https://pypi.org/simple" }
sdist = { url = "https://files.pythonhosted.org/packages/8a/99/1cd3411c56a410994669062bd73dd58270c00cc074cac15f385a1fd91f8a/greenlet-3.3.1.tar.gz", hash = "sha256:41848f3230b58c08bb43dee542e74a2a2e34d3c59dc3076cec9151aeeedcae98", size = 184690, upload-time = "2026-01-23T15:31:02.076Z" }
wheels = [
    { url = "https://files.pythonhosted.org/packages/ae/fb/011c7c717213182caf78084a9bea51c8590b0afda98001f69d9f853a495b/greenlet-3.3.1-cp314-cp314-macosx_11_0_universal2.whl", hash = "sha256:bd59acd8529b372775cd0fcbc5f420ae20681c5b045ce25bd453ed8455ab99b5", size = 275737, upload-time = "2026-01-23T15:32:16.889Z" },
    { url = "https://files.pythonhosted.org/packages/41/2e/a3a417d620363fdbb08a48b1dd582956a46a61bf8fd27ee8164f9dfe87c2/greenlet-3.3.1-cp314-cp314-manylinux_2_24_aarch64.manylinux_2_28_aarch64.whl", hash = "sha256:b31c05dd84ef6871dd47120386aed35323c944d86c3d91a17c4b8d23df62f15b", size = 646422, upload-time = "2026-01-23T16:01:00.354Z" },
    { url = "https://files.pythonhosted.org/packages/b4/09/c6c4a0db47defafd2d6bab8ddfe47ad19963b4e30f5bed84d75328059f8c/greenlet-3.3.1-cp314-cp314-manylinux_2_24_ppc64le.manylinux_2_28_ppc64le.whl", hash = "sha256:02925a0bfffc41e542c70aa14c7eda3593e4d7e274bfcccca1827e6c0875902e", size = 658219, upload-time = "2026-01-23T16:05:30.956Z" },
    { url = "https://files.pythonhosted.org/packages/e2/89/b95f2ddcc5f3c2bc09c8ee8d77be312df7f9e7175703ab780f2014a0e781/greenlet-3.3.1-cp314-cp314-manylinux_2_24_s390x.manylinux_2_28_s390x.whl", hash = "sha256:3e0f3878ca3a3ff63ab4ea478585942b53df66ddde327b59ecb191b19dbbd62d", size = 671455, upload-time = "2026-01-23T16:15:57.232Z" },
    { url = "https://files.pythonhosted.org/packages/80/38/9d42d60dffb04b45f03dbab9430898352dba277758640751dc5cc316c521/greenlet-3.3.1-cp314-cp314-manylinux_2_24_x86_64.manylinux_2_28_x86_64.whl", hash = "sha256:34a729e2e4e4ffe9ae2408d5ecaf12f944853f40ad724929b7585bca808a9d6f", size = 660237, upload-time = "2026-01-23T15:32:53.967Z" },
    { url = "https://files.pythonhosted.org/packages/96/61/373c30b7197f9e756e4c81ae90a8d55dc3598c17673f91f4d31c3c689c3f/greenlet-3.3.1-cp314-cp314-musllinux_1_2_aarch64.whl", hash = "sha256:aec9ab04e82918e623415947921dea15851b152b822661cce3f8e4393c3df683", size = 1615261, upload-time = "2026-01-23T16:04:25.066Z" },
    { url = "https://files.pythonhosted.org/packages/fd/d3/ca534310343f5945316f9451e953dcd89b36fe7a19de652a1dc5a0eeef3f/greenlet-3.3.1-cp314-cp314-musllinux_1_2_x86_64.whl", hash = "sha256:71c767cf281a80d02b6c1bdc41c9468e1f5a494fb11bc8688c360524e273d7b1", size = 1683719, upload-time = "2026-01-23T15:33:50.61Z" },
    { url = "https://files.pythonhosted.org/packages/52/cb/c21a3fd5d2c9c8b622e7bede6d6d00e00551a5ee474ea6d831b5f567a8b4/greenlet-3.3.1-cp314-cp314-win_amd64.whl", hash = "sha256:96aff77af063b607f2489473484e39a0bbae730f2ea90c9e5606c9b73c44174a", size = 228125, upload-time = "2026-01-23T15:32:45.265Z" },
    { url = "https://files.pythonhosted.org/packages/6a/8e/8a2db6d11491837af1de64b8aff23707c6e85241be13c60ed399a72e2ef8/greenlet-3.3.1-cp314-cp314-win_arm64.whl", hash = "sha256:b066e8b50e28b503f604fa538adc764a638b38cf8e81e025011d26e8a627fa79", size = 227519, upload-time = "2026-01-23T15:31:47.284Z" },
    { url = "https://files.pythonhosted.org/packages/28/24/cbbec49bacdcc9ec652a81d3efef7b59f326697e7edf6ed775a5e08e54c2/greenlet-3.3.1-cp314-cp314t-macosx_11_0_universal2.whl", hash = "sha256:3e63252943c921b90abb035ebe9de832c436401d9c45f262d80e2d06cc659242", size = 282706, upload-time = "2026-01-23T15:33:05.525Z" },
    { url = "https://files.pythonhosted.org/packages/86/2e/4f2b9323c144c4fe8842a4e0d92121465485c3c2c5b9e9b30a52e80f523f/greenlet-3.3.1-cp314-cp314t-manylinux_2_24_aarch64.manylinux_2_28_aarch64.whl", hash = "sha256:76e39058e68eb125de10c92524573924e827927df5d3891fbc97bd55764a8774", size = 651209, upload-time = "2026-01-23T16:01:01.517Z" },
    { url = "https://files.pythonhosted.org/packages/d9/87/50ca60e515f5bb55a2fbc5f0c9b5b156de7d2fc51a0a69abc9d23914a237/greenlet-3.3.1-cp314-cp314t-manylinux_2_24_ppc64le.manylinux_2_28_ppc64le.whl", hash = "sha256:c9f9d5e7a9310b7a2f416dd13d2e3fd8b42d803968ea580b7c0f322ccb389b97", size = 654300, upload-time = "2026-01-23T16:05:32.199Z" },
    { url = "https://files.pythonhosted.org/packages/7c/25/c51a63f3f463171e09cb586eb64db0861eb06667ab01a7968371a24c4f3b/greenlet-3.3.1-cp314-cp314t-manylinux_2_24_s390x.manylinux_2_28_s390x.whl", hash = "sha256:4b9721549a95db96689458a1e0ae32412ca18776ed004463df3a9299c1b257ab", size = 662574, upload-time = "2026-01-23T16:15:58.364Z" },
    { url = "https://files.pythonhosted.org/packages/1d/94/74310866dfa2b73dd08659a3d18762f83985ad3281901ba0ee9a815194fb/greenlet-3.3.1-cp314-cp314t-manylinux_2_24_x86_64.manylinux_2_28_x86_64.whl", hash = "sha256:92497c78adf3ac703b57f1e3813c2d874f27f71a178f9ea5887855da413cd6d2", size = 653842, upload-time = "2026-01-23T15:32:55.671Z" },
    { url = "https://files.pythonhosted.org/packages/97/43/8bf0ffa3d498eeee4c58c212a3905dd6146c01c8dc0b0a046481ca29b18c/greenlet-3.3.1-cp314-cp314t-musllinux_1_2_aarch64.whl", hash = "sha256:ed6b402bc74d6557a705e197d47f9063733091ed6357b3de33619d8a8d93ac53", size = 1614917, upload-time = "2026-01-23T16:04:26.276Z" },
    { url = "https://files.pythonhosted.org/packages/89/90/a3be7a5f378fc6e84abe4dcfb2ba32b07786861172e502388b4c90000d1b/greenlet-3.3.1-cp314-cp314t-musllinux_1_2_x86_64.whl", hash = "sha256:59913f1e5ada20fde795ba906916aea25d442abcc0593fba7e26c92b7ad76249", size = 1676092, upload-time = "2026-01-23T15:33:52.176Z" },
    { url = "https://files.pythonhosted.org/packages/e1/2b/98c7f93e6db9977aaee07eb1e51ca63bd5f779b900d362791d3252e60558/greenlet-3.3.1-cp314-cp314t-win_amd64.whl", hash = "sha256:301860987846c24cb8964bdec0e31a96ad4a2a801b41b4ef40963c1b44f33451", size = 233181, upload-time = "2026-01-23T15:33:00.29Z" },
]

[[package]]
name = "msgpack"
version = "1.1.2"
source = { registry = "https://pypi.org/simple" }
sdist = { url = "https://files.pythonhosted.org/packages/4d/f2/bfb55a6236ed8725a96b0aa3acbd0ec17588e6a2c3b62a93eb513ed8783f/msgpack-1.1.2.tar.gz", hash = "sha256:3b60763c1373dd60f398488069bcdc703cd08a711477b5d480eecc9f9626f47e", size = 173581, upload-time = "2025-10-08T09:15:56.596Z" }
wheels = [
    { url = "https://files.pythonhosted.org/packages/22/71/201105712d0a2ff07b7873ed3c220292fb2ea5120603c00c4b634bcdafb3/msgpack-1.1.2-cp314-cp314-macosx_10_13_x86_64.whl", hash = "sha256:e23ce8d5f7aa6ea6d2a2b326b4ba46c985dbb204523759984430db7114f8aa00", size = 81127, upload-time = "2025-10-08T09:15:24.408Z" },
    { url = "https://files.pythonhosted.org/packages/1b/9f/38ff9e57a2eade7bf9dfee5eae17f39fc0e998658050279cbb14d97d36d9/msgpack-1.1.2-cp314-cp314-macosx_11_0_arm64.whl", hash = "sha256:6c15b7d74c939ebe620dd8e559384be806204d73b4f9356320632d783d1f7939", size = 84981, upload-time = "2025-10-08T09:15:25.812Z" },
    { url = "https://files.pythonhosted.org/packages/8e/a9/3536e385167b88c2cc8f4424c49e28d49a6fc35206d4a8060f136e71f94c/msgpack-1.1.2-cp314-cp314-manylinux2014_aarch64.manylinux_2_17_aarch64.manylinux_2_28_aarch64.whl", hash = "sha256:99e2cb7b9031568a2a5c73aa077180f93dd2e95b4f8d3b8e14a73ae94a9e667e", size = 411885, upload-time = "2025-10-08T09:15:27.22Z" },
    { url = "https://files.pythonhosted.org/packages/2f/40/dc34d1a8d5f1e51fc64640b62b191684da52ca469da9cd74e84936ffa4a6/msgpack-1.1.2-cp314-cp314-manylinux2014_x86_64.manylinux_2_17_x86_64.manylinux_2_28_x86_64.whl", hash = "sha256:180759d89a057eab503cf62eeec0aa61c4ea1200dee709f3a8e9397dbb3b6931", size = 419658, upload-time = "2025-10-08T09:15:28.4Z" },
    { url = "https://files.pythonhosted.org/packages/3b/ef/2b92e286366500a09a67e03496ee8b8ba00562797a52f3c117aa2b29514b/msgpack-1.1.2-cp314-cp314-musllinux_1_2_aarch64.whl", hash = "sha256:04fb995247a6e83830b62f0b07bf36540c213f6eac8e851166d8d86d83cbd014", size = 403290, upload-time = "2025-10-08T09:15:29.764Z" },
    { url = "https://files.pythonhosted.org/packages/78/90/e0ea7990abea5764e4655b8177aa7c63cdfa89945b6e7641055800f6c16b/msgpack-1.1.2-cp314-cp314-musllinux_1_2_x86_64.whl", hash = "sha256:8e22ab046fa7ede9e36eeb4cfad44d46450f37bb05d5ec482b02868f451c95e2", size = 415234, upload-time = "2025-10-08T09:15:31.022Z" },
    { url = "https://files.pythonhosted.org/packages/72/4e/9390aed5db983a2310818cd7d3ec0aecad45e1f7007e0cda79c79507bb0d/msgpack-1.1.2-cp314-cp314-win32.whl", hash = "sha256:80a0ff7d4abf5fecb995fcf235d4064b9a9a8a40a3ab80999e6ac1e30b702717", size = 66391, upload-time = "2025-10-08T09:15:32.265Z" },
    { url = "https://files.pythonhosted.org/packages/6e/f1/abd09c2ae91228c5f3998dbd7f41353def9eac64253de3c8105efa2082f7/msgpack-1.1.2-cp314-cp314-win_amd64.whl", hash = "sha256:9ade919fac6a3e7260b7f64cea89df6bec59104987cbea34d34a2fa15d74310b", size = 73787, upload-time = "2025-10-08T09:15:33.219Z" },
    { url = "https://files.pythonhosted.org/packages/6a/b0/9d9f667ab48b16ad4115c1935d94023b82b3198064cb84a123e97f7466c1/msgpack-1.1.2-cp314-cp314-win_arm64.whl", hash = "sha256:59415c6076b1e30e563eb732e23b994a61c159cec44deaf584e5cc1dd662f2af", size = 66453, upload-time = "2025-10-08T09:15:34.225Z" },
    { url = "https://files.pythonhosted.org/packages/16/67/93f80545eb1792b61a217fa7f06d5e5cb9e0055bed867f43e2b8e012e137/msgpack-1.1.2-cp314-cp314t-macosx_10_13_x86_64.whl", hash = "sha256:897c478140877e5307760b0ea66e0932738879e7aa68144d9b78ea4c8302a84a", size = 85264, upload-time = "2025-10-08T09:15:35.61Z" },
    { url = "https://files.pythonhosted.org/packages/87/1c/33c8a24959cf193966ef11a6f6a2995a65eb066bd681fd085afd519a57ce/msgpack-1.1.2-cp314-cp314t-macosx_11_0_arm64.whl", hash = "sha256:a668204fa43e6d02f89dbe79a30b0d67238d9ec4c5bd8a940fc3a004a47b721b", size = 89076, upload-time = "2025-10-08T09:15:36.619Z" },
    { url = "https://files.pythonhosted.org/packages/fc/6b/62e85ff7193663fbea5c0254ef32f0c77134b4059f8da89b958beb7696f3/msgpack-1.1.2-cp314-cp314t-manylinux2014_aarch64.manylinux_2_17_aarch64.manylinux_2_28_aarch64.whl", hash = "sha256:5559d03930d3aa0f3aacb4c42c776af1a2ace2611871c84a75afe436695e6245", size = 435242, upload-time = "2025-10-08T09:15:37.647Z" },
    { url = "https://files.pythonhosted.org/packages/c1/47/5c74ecb4cc277cf09f64e913947871682ffa82b3b93c8dad68083112f412/msgpack-1.1.2-cp314-cp314t-manylinux2014_x86_64.manylinux_2_17_x86_64.manylinux_2_28_x86_64.whl", hash = "sha256:70c5a7a9fea7f036b716191c29047374c10721c389c21e9ffafad04df8c52c90", size = 432509, upload-time = "2025-10-08T09:15:38.794Z" },
    { url = "https://files.pythonhosted.org/packages/24/a4/e98ccdb56dc4e98c929a3f150de1799831c0a800583cde9fa022fa90602d/msgpack-1.1.2-cp314-cp314t-musllinux_1_2_aarch64.whl", hash = "sha256:f2cb069d8b981abc72b41aea1c580ce92d57c673ec61af4c500153a626cb9e20", size = 415957, upload-time = "2025-10-08T09:15:40.238Z" },
    { url = "https://files.pythonhosted.org/packages/da/28/6951f7fb67bc0a4e184a6b38ab71a92d9ba58080b27a77d3e2fb0be5998f/msgpack-1.1.2-cp314-cp314t-musllinux_1_2_x86_64.whl", hash = "sha256:d62ce1f483f355f61adb5433ebfd8868c5f078d1a52d042b0a998682b4fa8c27", size = 422910, upload-time = "2025-10-08T09:15:41.505Z" },
    { url = "https://files.pythonhosted.org/packages/f0/03/42106dcded51f0a0b5284d3ce30a671e7bd3f7318d122b2ead66ad289fed/msgpack-1.1.2-cp314-cp314t-win32.whl", hash = "sha256:1d1418482b1ee984625d88aa9585db570180c286d942da463533b238b98b812b", size = 75197, upload-time = "2025-10-08T09:15:42.954Z" },
    { url = "https://files.pythonhosted.org/packages/15/86/d0071e94987f8db59d4eeb386ddc64d0bb9b10820a8d82bcd3e53eeb2da6/msgpack-1.1.2-cp314-cp314t-win_amd64.whl", hash = "sha256:5a46bf7e831d09470ad92dff02b8b1ac92175ca36b087f904a0519857c6be3ff", size = 85772, upload-time = "2025-10-08T09:15:43.954Z" },
    { url = "https://files.pythonhosted.org/packages/81/f2/08ace4142eb281c12701fc3b93a10795e4d4dc7f753911d836675050f886/msgpack-1.1.2-cp314-cp314t-win_arm64.whl", hash = "sha256:d99ef64f349d5ec3293688e91486c5fdb925ed03807f64d98d205d2713c60b46", size = 70868, upload-time = "2025-10-08T09:15:44.959Z" },
]

[[package]]
name = "neovim"
version = "0.3.1"
source = { registry = "https://pypi.org/simple" }
dependencies = [
    { name = "pynvim" },
]
sdist = { url = "https://files.pythonhosted.org/packages/78/ec/ac9905ccab8774b64c37cdff9e08db320c349eda0ae3161aebcac83e5590/neovim-0.3.1.tar.gz", hash = "sha256:a6a0e7a5b4433bf4e6ddcbc5c5ff44170be7d84259d002b8e8d8fb4ee78af60f", size = 804, upload-time = "2018-11-17T09:51:15.993Z" }

[[package]]
name = "nvim"
version = "0.1.0"
source = { virtual = "." }
dependencies = [
    { name = "msgpack" },
    { name = "neovim" },
    { name = "pynvim" },
    { name = "vim-vint" },
]

[package.metadata]
requires-dist = [
    { name = "msgpack", specifier = ">=1.1.2" },
    { name = "neovim", specifier = ">=0.3.1" },
    { name = "pynvim", specifier = ">=0.6.0" },
    { name = "vim-vint", specifier = ">=0.3.21" },
]

[[package]]
name = "pynvim"
version = "0.6.0"
source = { registry = "https://pypi.org/simple" }
dependencies = [
    { name = "greenlet", marker = "platform_python_implementation != 'PyPy'" },
    { name = "msgpack" },
]
sdist = { url = "https://files.pythonhosted.org/packages/04/d7/c4412e6219661fd8689cdd9553988f8ea38c151067d70c49436977688aa9/pynvim-0.6.0.tar.gz", hash = "sha256:0ffcb879322d08f9e9061e1123dd58ba3a5ccfbd4999bb1157bac525822aa590", size = 51478, upload-time = "2025-09-07T18:35:37.601Z" }
wheels = [
    { url = "https://files.pythonhosted.org/packages/54/2d/c28b9293975ed9ee05e52f1d316cb402ba6edb232baa0497754a70182ca2/pynvim-0.6.0-py3-none-any.whl", hash = "sha256:29f92ff3fde9e52c263e6bfd7f30345be05bfc7b5c21484da1cc38a8d8e5e98f", size = 47633, upload-time = "2025-09-07T18:35:36.348Z" },
]

[[package]]
name = "pyyaml"
version = "6.0.3"
source = { registry = "https://pypi.org/simple" }
sdist = { url = "https://files.pythonhosted.org/packages/05/8e/961c0007c59b8dd7729d542c61a4d537767a59645b82a0b521206e1e25c2/pyyaml-6.0.3.tar.gz", hash = "sha256:d76623373421df22fb4cf8817020cbb7ef15c725b9d5e45f17e189bfc384190f", size = 130960, upload-time = "2025-09-25T21:33:16.546Z" }
wheels = [
    { url = "https://files.pythonhosted.org/packages/9d/8c/f4bd7f6465179953d3ac9bc44ac1a8a3e6122cf8ada906b4f96c60172d43/pyyaml-6.0.3-cp314-cp314-macosx_10_13_x86_64.whl", hash = "sha256:8d1fab6bb153a416f9aeb4b8763bc0f22a5586065f86f7664fc23339fc1c1fac", size = 181814, upload-time = "2025-09-25T21:32:35.712Z" },
    { url = "https://files.pythonhosted.org/packages/bd/9c/4d95bb87eb2063d20db7b60faa3840c1b18025517ae857371c4dd55a6b3a/pyyaml-6.0.3-cp314-cp314-macosx_11_0_arm64.whl", hash = "sha256:34d5fcd24b8445fadc33f9cf348c1047101756fd760b4dacb5c3e99755703310", size = 173809, upload-time = "2025-09-25T21:32:36.789Z" },
    { url = "https://files.pythonhosted.org/packages/92/b5/47e807c2623074914e29dabd16cbbdd4bf5e9b2db9f8090fa64411fc5382/pyyaml-6.0.3-cp314-cp314-manylinux2014_aarch64.manylinux_2_17_aarch64.manylinux_2_28_aarch64.whl", hash = "sha256:501a031947e3a9025ed4405a168e6ef5ae3126c59f90ce0cd6f2bfc477be31b7", size = 766454, upload-time = "2025-09-25T21:32:37.966Z" },
    { url = "https://files.pythonhosted.org/packages/02/9e/e5e9b168be58564121efb3de6859c452fccde0ab093d8438905899a3a483/pyyaml-6.0.3-cp314-cp314-manylinux2014_s390x.manylinux_2_17_s390x.manylinux_2_28_s390x.whl", hash = "sha256:b3bc83488de33889877a0f2543ade9f70c67d66d9ebb4ac959502e12de895788", size = 836355, upload-time = "2025-09-25T21:32:39.178Z" },
    { url = "https://files.pythonhosted.org/packages/88/f9/16491d7ed2a919954993e48aa941b200f38040928474c9e85ea9e64222c3/pyyaml-6.0.3-cp314-cp314-manylinux2014_x86_64.manylinux_2_17_x86_64.manylinux_2_28_x86_64.whl", hash = "sha256:c458b6d084f9b935061bc36216e8a69a7e293a2f1e68bf956dcd9e6cbcd143f5", size = 794175, upload-time = "2025-09-25T21:32:40.865Z" },
    { url = "https://files.pythonhosted.org/packages/dd/3f/5989debef34dc6397317802b527dbbafb2b4760878a53d4166579111411e/pyyaml-6.0.3-cp314-cp314-musllinux_1_2_aarch64.whl", hash = "sha256:7c6610def4f163542a622a73fb39f534f8c101d690126992300bf3207eab9764", size = 755228, upload-time = "2025-09-25T21:32:42.084Z" },
    { url = "https://files.pythonhosted.org/packages/d7/ce/af88a49043cd2e265be63d083fc75b27b6ed062f5f9fd6cdc223ad62f03e/pyyaml-6.0.3-cp314-cp314-musllinux_1_2_x86_64.whl", hash = "sha256:5190d403f121660ce8d1d2c1bb2ef1bd05b5f68533fc5c2ea899bd15f4399b35", size = 789194, upload-time = "2025-09-25T21:32:43.362Z" },
    { url = "https://files.pythonhosted.org/packages/23/20/bb6982b26a40bb43951265ba29d4c246ef0ff59c9fdcdf0ed04e0687de4d/pyyaml-6.0.3-cp314-cp314-win_amd64.whl", hash = "sha256:4a2e8cebe2ff6ab7d1050ecd59c25d4c8bd7e6f400f5f82b96557ac0abafd0ac", size = 156429, upload-time = "2025-09-25T21:32:57.844Z" },
    { url = "https://files.pythonhosted.org/packages/f4/f4/a4541072bb9422c8a883ab55255f918fa378ecf083f5b85e87fc2b4eda1b/pyyaml-6.0.3-cp314-cp314-win_arm64.whl", hash = "sha256:93dda82c9c22deb0a405ea4dc5f2d0cda384168e466364dec6255b293923b2f3", size = 143912, upload-time = "2025-09-25T21:32:59.247Z" },
    { url = "https://files.pythonhosted.org/packages/7c/f9/07dd09ae774e4616edf6cda684ee78f97777bdd15847253637a6f052a62f/pyyaml-6.0.3-cp314-cp314t-macosx_10_13_x86_64.whl", hash = "sha256:02893d100e99e03eda1c8fd5c441d8c60103fd175728e23e431db1b589cf5ab3", size = 189108, upload-time = "2025-09-25T21:32:44.377Z" },
    { url = "https://files.pythonhosted.org/packages/4e/78/8d08c9fb7ce09ad8c38ad533c1191cf27f7ae1effe5bb9400a46d9437fcf/pyyaml-6.0.3-cp314-cp314t-macosx_11_0_arm64.whl", hash = "sha256:c1ff362665ae507275af2853520967820d9124984e0f7466736aea23d8611fba", size = 183641, upload-time = "2025-09-25T21:32:45.407Z" },
    { url = "https://files.pythonhosted.org/packages/7b/5b/3babb19104a46945cf816d047db2788bcaf8c94527a805610b0289a01c6b/pyyaml-6.0.3-cp314-cp314t-manylinux2014_aarch64.manylinux_2_17_aarch64.manylinux_2_28_aarch64.whl", hash = "sha256:6adc77889b628398debc7b65c073bcb99c4a0237b248cacaf3fe8a557563ef6c", size = 831901, upload-time = "2025-09-25T21:32:48.83Z" },
    { url = "https://files.pythonhosted.org/packages/8b/cc/dff0684d8dc44da4d22a13f35f073d558c268780ce3c6ba1b87055bb0b87/pyyaml-6.0.3-cp314-cp314t-manylinux2014_s390x.manylinux_2_17_s390x.manylinux_2_28_s390x.whl", hash = "sha256:a80cb027f6b349846a3bf6d73b5e95e782175e52f22108cfa17876aaeff93702", size = 861132, upload-time = "2025-09-25T21:32:50.149Z" },
    { url = "https://files.pythonhosted.org/packages/b1/5e/f77dc6b9036943e285ba76b49e118d9ea929885becb0a29ba8a7c75e29fe/pyyaml-6.0.3-cp314-cp314t-manylinux2014_x86_64.manylinux_2_17_x86_64.manylinux_2_28_x86_64.whl", hash = "sha256:00c4bdeba853cc34e7dd471f16b4114f4162dc03e6b7afcc2128711f0eca823c", size = 839261, upload-time = "2025-09-25T21:32:51.808Z" },
    { url = "https://files.pythonhosted.org/packages/ce/88/a9db1376aa2a228197c58b37302f284b5617f56a5d959fd1763fb1675ce6/pyyaml-6.0.3-cp314-cp314t-musllinux_1_2_aarch64.whl", hash = "sha256:66e1674c3ef6f541c35191caae2d429b967b99e02040f5ba928632d9a7f0f065", size = 805272, upload-time = "2025-09-25T21:32:52.941Z" },
    { url = "https://files.pythonhosted.org/packages/da/92/1446574745d74df0c92e6aa4a7b0b3130706a4142b2d1a5869f2eaa423c6/pyyaml-6.0.3-cp314-cp314t-musllinux_1_2_x86_64.whl", hash = "sha256:16249ee61e95f858e83976573de0f5b2893b3677ba71c9dd36b9cf8be9ac6d65", size = 829923, upload-time = "2025-09-25T21:32:54.537Z" },
    { url = "https://files.pythonhosted.org/packages/f0/7a/1c7270340330e575b92f397352af856a8c06f230aa3e76f86b39d01b416a/pyyaml-6.0.3-cp314-cp314t-win_amd64.whl", hash = "sha256:4ad1906908f2f5ae4e5a8ddfce73c320c2a1429ec52eafd27138b7f1cbe341c9", size = 174062, upload-time = "2025-09-25T21:32:55.767Z" },
    { url = "https://files.pythonhosted.org/packages/f1/12/de94a39c2ef588c7e6455cfbe7343d3b2dc9d6b6b2f40c4c6565744c873d/pyyaml-6.0.3-cp314-cp314t-win_arm64.whl", hash = "sha256:ebc55a14a21cb14062aa4162f906cd962b28e2e9ea38f9b4391244cd8de4ae0b", size = 149341, upload-time = "2025-09-25T21:32:56.828Z" },
]

[[package]]
name = "vim-vint"
version = "0.3.21"
source = { registry = "https://pypi.org/simple" }
dependencies = [
    { name = "ansicolor" },
    { name = "chardet" },
    { name = "pyyaml" },
]
sdist = { url = "https://files.pythonhosted.org/packages/9c/c7/d5fbe5f778edee83cba3aea8cc3308db327e4c161e0656e861b9cc2cb859/vim-vint-0.3.21.tar.gz", hash = "sha256:5dc59b2e5c2a746c88f5f51f3fafea3d639c6b0fdbb116bb74af27bf1c820d97", size = 65889, upload-time = "2019-05-13T23:05:01.995Z" }
wheels = [
    { url = "https://files.pythonhosted.org/packages/c1/57/b174313406c08fb5a4327e9f288ead04503c00d23c4f1765d88ca451977a/vim_vint-0.3.21-py2.py3-none-any.whl", hash = "sha256:61357ebbb41e909e194a4187419ad72bde9e67cc12eb13b31c578866b99d45c0", size = 89165, upload-time = "2019-05-13T23:05:00.001Z" },
]
